
Microsoft Visual Studio Solution File, Format Version 12.00
# Visual Studio Version 16
VisualStudioVersion = 16.0.32106.194
MinimumVisualStudioVersion = 10.0.40219.1
Project("{FAE04EC0-301F-11D3-BF4B-00C04F79EFBC}") = "JigsawApp.Android", "JigsawApp\JigsawApp.Android\JigsawApp.Android.csproj", "{E1E6B356-8E9A-404C-8EF7-966CE1EF32C0}"
EndProject
Project("{FAE04EC0-301F-11D3-BF4B-00C04F79EFBC}") = "JigsawApp", "JigsawApp\JigsawApp\JigsawApp.csproj", "{AE07F862-3D41-41DD-871F-934A69AF5520}"
EndProject
Global
	GlobalSection(SolutionConfigurationPlatforms) = preSolution
		Debug|Any CPU = Debug|Any CPU
		Release|Any CPU = Release|Any CPU
	EndGlobalSection
	GlobalSection(ProjectConfigurationPlatforms) = postSolution
		{E1E6B356-8E9A-404C-8EF7-966CE1EF32C0}.Debug|Any CPU.ActiveCfg = Debug|Any CPU
		{E1E6B356-8E9A-404C-8EF7-966CE1EF32C0}.Debug|Any CPU.Build.0 = Debug|Any CPU
		{E1E6B356-8E9A-404C-8EF7-966CE1EF32C0}.Debug|Any CPU.Deploy.0 = Debug|Any CPU
		{E1E6B356-8E9A-404C-8EF7-966CE1EF32C0}.Release|Any CPU.ActiveCfg = Release|Any CPU
		{E1E6B356-8E9A-404C-8EF7-966CE1EF32C0}.Release|Any CPU.Build.0 = Release|Any CPU
		{E1E6B356-8E9A-404C-8EF7-966CE1EF32C0}.Release|Any CPU.Deploy.0 = Release|Any CPU
		{AE07F862-3D41-41DD-871F-934A69AF5520}.Debug|Any CPU.ActiveCfg = Debug|Any CPU
		{AE07F862-3D41-41DD-871F-934A69AF5520}.Debug|Any CPU.Build.0 = Debug|Any CPU
		{AE07F862-3D41-41DD-871F-934A69AF5520}.Debug|Any CPU.Deploy.0 = Debug|Any CPU
		{AE07F862-3D41-41DD-871F-934A69AF5520}.Release|Any CPU.ActiveCfg = Release|Any CPU
		{AE07F862-3D41-41DD-871F-934A69AF5520}.Release|Any CPU.Build.0 = Release|Any CPU
		{AE07F862-3D41-41DD-871F-934A69AF5520}.Release|Any CPU.Deploy.0 = Release|Any CPU
	EndGlobalSection
	GlobalSection(SolutionProperties) = preSolution
		HideSolutionNode = FALSE
	EndGlobalSection
	GlobalSection(ExtensibilityGlobals) = postSolution
		SolutionGuid = {F7347C86-BE6F-4CCD-ACBA-632B0B583B00}
	EndGlobalSection
EndGlobal
